
Microsoft Visual Studio Solution File, Format Version 12.00
# Visual Studio 15
Project("{FAE04EC0-301F-11D3-BF4B-00C04F79EFBC}") = "FTP", "FTP\FTP.csproj", "{FFB5FA53-5366-412E-9BCA-0182C5965A19}"
EndProject
Project("{2150E333-8FDC-42A3-9474-1A3956D46DE8}") = "Solution Items", "Solution Items", "{A3FE8FAD-AD5A-4000-8BD9-D7BE9D48A364}"
EndProject
Global
	GlobalSection(SolutionConfigurationPlatforms) = preSolution
		Debug|anycpu = Debug|anycpu
		Release|anycpu = Release|anycpu
	EndGlobalSection
	GlobalSection(ProjectConfigurationPlatforms) = postSolution
		{FFB5FA53-5366-412E-9BCA-0182C5965A19}.Debug|anycpu.ActiveCfg = Debug|anycpu
		{FFB5FA53-5366-412E-9BCA-0182C5965A19}.Debug|anycpu.Build.0 = Debug|anycpu
		{FFB5FA53-5366-412E-9BCA-0182C5965A19}.Release|anycpu.ActiveCfg = Release|anycpu
		{FFB5FA53-5366-412E-9BCA-0182C5965A19}.Release|anycpu.Build.0 = Release|anycpu
	EndGlobalSection
EndGlobal
